
Microsoft Visual Studio Solution File, Format Version 12.00
# Visual Studio Version 16
VisualStudioVersion = 16.0.30114.105
MinimumVisualStudioVersion = 10.0.40219.1
Project("{FAE04EC0-301F-11D3-BF4B-00C04F79EFBC}") = "PokeModel", "PokeModel\PokeModel.csproj", "{C5B68C7E-4B2F-4C78-80BA-744D4114BE59}"
EndProject
Project("{FAE04EC0-301F-11D3-BF4B-00C04F79EFBC}") = "PokeDL", "PokeDL\PokeDL.csproj", "{391D4B13-9FB4-4AC1-A640-C9168F1C9FF0}"
EndProject
Project("{FAE04EC0-301F-11D3-BF4B-00C04F79EFBC}") = "PokeBL", "PokeBL\PokeBL.csproj", "{01A53C4F-1F86-4A6F-B517-0AFCBDD4F570}"
EndProject
Project("{FAE04EC0-301F-11D3-BF4B-00C04F79EFBC}") = "PokeTest", "PokeTest\PokeTest.csproj", "{D34B5E16-8D17-4798-AC4E-7E96B629D703}"
EndProject
Project("{FAE04EC0-301F-11D3-BF4B-00C04F79EFBC}") = "PokeApi", "PokeApi\PokeApi.csproj", "{DFA5E368-1E8A-4BE7-ACAA-60B186F50481}"
EndProject
Global
	GlobalSection(SolutionConfigurationPlatforms) = preSolution
		Debug|Any CPU = Debug|Any CPU
		Release|Any CPU = Release|Any CPU
	EndGlobalSection
	GlobalSection(SolutionProperties) = preSolution
		HideSolutionNode = FALSE
	EndGlobalSection
	GlobalSection(ProjectConfigurationPlatforms) = postSolution
		{C6D60648-E8EE-44E6-9AB5-9AF423A7DE7E}.Debug|Any CPU.ActiveCfg = Debug|Any CPU
		{C6D60648-E8EE-44E6-9AB5-9AF423A7DE7E}.Debug|Any CPU.Build.0 = Debug|Any CPU
		{C6D60648-E8EE-44E6-9AB5-9AF423A7DE7E}.Release|Any CPU.ActiveCfg = Release|Any CPU
		{C6D60648-E8EE-44E6-9AB5-9AF423A7DE7E}.Release|Any CPU.Build.0 = Release|Any CPU
		{9C14A0D3-E73F-4D69-88D8-4A097EF41292}.Debug|Any CPU.ActiveCfg = Debug|Any CPU
		{9C14A0D3-E73F-4D69-88D8-4A097EF41292}.Debug|Any CPU.Build.0 = Debug|Any CPU
		{9C14A0D3-E73F-4D69-88D8-4A097EF41292}.Release|Any CPU.ActiveCfg = Release|Any CPU
		{9C14A0D3-E73F-4D69-88D8-4A097EF41292}.Release|Any CPU.Build.0 = Release|Any CPU
		{C5B68C7E-4B2F-4C78-80BA-744D4114BE59}.Debug|Any CPU.ActiveCfg = Debug|Any CPU
		{C5B68C7E-4B2F-4C78-80BA-744D4114BE59}.Debug|Any CPU.Build.0 = Debug|Any CPU
		{C5B68C7E-4B2F-4C78-80BA-744D4114BE59}.Release|Any CPU.ActiveCfg = Release|Any CPU
		{C5B68C7E-4B2F-4C78-80BA-744D4114BE59}.Release|Any CPU.Build.0 = Release|Any CPU
		{391D4B13-9FB4-4AC1-A640-C9168F1C9FF0}.Debug|Any CPU.ActiveCfg = Debug|Any CPU
		{391D4B13-9FB4-4AC1-A640-C9168F1C9FF0}.Debug|Any CPU.Build.0 = Debug|Any CPU
		{391D4B13-9FB4-4AC1-A640-C9168F1C9FF0}.Release|Any CPU.ActiveCfg = Release|Any CPU
		{391D4B13-9FB4-4AC1-A640-C9168F1C9FF0}.Release|Any CPU.Build.0 = Release|Any CPU
		{01A53C4F-1F86-4A6F-B517-0AFCBDD4F570}.Debug|Any CPU.ActiveCfg = Debug|Any CPU
		{01A53C4F-1F86-4A6F-B517-0AFCBDD4F570}.Debug|Any CPU.Build.0 = Debug|Any CPU
		{01A53C4F-1F86-4A6F-B517-0AFCBDD4F570}.Release|Any CPU.ActiveCfg = Release|Any CPU
		{01A53C4F-1F86-4A6F-B517-0AFCBDD4F570}.Release|Any CPU.Build.0 = Release|Any CPU
		{D34B5E16-8D17-4798-AC4E-7E96B629D703}.Debug|Any CPU.ActiveCfg = Debug|Any CPU
		{D34B5E16-8D17-4798-AC4E-7E96B629D703}.Debug|Any CPU.Build.0 = Debug|Any CPU
		{D34B5E16-8D17-4798-AC4E-7E96B629D703}.Release|Any CPU.ActiveCfg = Release|Any CPU
		{D34B5E16-8D17-4798-AC4E-7E96B629D703}.Release|Any CPU.Build.0 = Release|Any CPU
		{DFA5E368-1E8A-4BE7-ACAA-60B186F50481}.Debug|Any CPU.ActiveCfg = Debug|Any CPU
		{DFA5E368-1E8A-4BE7-ACAA-60B186F50481}.Debug|Any CPU.Build.0 = Debug|Any CPU
		{DFA5E368-1E8A-4BE7-ACAA-60B186F50481}.Release|Any CPU.ActiveCfg = Release|Any CPU
		{DFA5E368-1E8A-4BE7-ACAA-60B186F50481}.Release|Any CPU.Build.0 = Release|Any CPU
	EndGlobalSection
EndGlobal
